
Microsoft Visual Studio Solution File, Format Version 12.00
# Visual Studio 15
VisualStudioVersion = 15.0.26730.15
MinimumVisualStudioVersion = 10.0.40219.1
Project("{FAE04EC0-301F-11D3-BF4B-00C04F79EFBC}") = "test", "test\test.csproj", "{D75F08D8-25B0-4E13-BC76-C16F364799D0}"
EndProject
Global
	GlobalSection(SolutionConfigurationPlatforms) = preSolution
		Debug|Any CPU = Debug|Any CPU
		Release|Any CPU = Release|Any CPU
	EndGlobalSection
	GlobalSection(ProjectConfigurationPlatforms) = postSolution
		{D75F08D8-25B0-4E13-BC76-C16F364799D0}.Debug|Any CPU.ActiveCfg = Debug|Any CPU
		{D75F08D8-25B0-4E13-BC76-C16F364799D0}.Debug|Any CPU.Build.0 = Debug|Any CPU
		{D75F08D8-25B0-4E13-BC76-C16F364799D0}.Release|Any CPU.ActiveCfg = Release|Any CPU
		{D75F08D8-25B0-4E13-BC76-C16F364799D0}.Release|Any CPU.Build.0 = Release|Any CPU
	EndGlobalSection
	GlobalSection(SolutionProperties) = preSolution
		HideSolutionNode = FALSE
	EndGlobalSection
	GlobalSection(ExtensibilityGlobals) = postSolution
		SolutionGuid = {368D6019-B845-4349-BBC8-130F2CFCD361}
	EndGlobalSection
EndGlobal
